
Microsoft Visual Studio Solution File, Format Version 12.00
Project("{FAE04EC0-301F-11D3-BF4B-00C04F79EFBC}") = "GolGoharSales", "GolGoharSales\GolGoharSales.csproj", "{62EFC338-DC5B-4D0E-B6E7-10909C8F1261}"
EndProject
Global
	GlobalSection(SolutionConfigurationPlatforms) = preSolution
		Debug|Any CPU = Debug|Any CPU
		Release|Any CPU = Release|Any CPU
	EndGlobalSection
	GlobalSection(ProjectConfigurationPlatforms) = postSolution
		{62EFC338-DC5B-4D0E-B6E7-10909C8F1261}.Debug|Any CPU.ActiveCfg = Debug|Any CPU
		{62EFC338-DC5B-4D0E-B6E7-10909C8F1261}.Debug|Any CPU.Build.0 = Debug|Any CPU
		{62EFC338-DC5B-4D0E-B6E7-10909C8F1261}.Release|Any CPU.ActiveCfg = Release|Any CPU
		{62EFC338-DC5B-4D0E-B6E7-10909C8F1261}.Release|Any CPU.Build.0 = Release|Any CPU
	EndGlobalSection
EndGlobal
